<?xml version="1.0" encoding="UTF-8" standalone="yes" ?>
<CodeBlocks_project_file>
	<FileVersion major="1" minor="6" />
	<Project>
		<Option title="cBase" />
		<Option pch_mode="2" />
		<Option compiler="gcc" />
		<Build>
			<Target title="Debug">
				<Option output="bin/Debug/cBase" prefix_auto="1" extension_auto="1" />
				<Option object_output="obj/Debug/" />
				<Option type="3" />
				<Option compiler="gcc" />
				<Option createDefFile="1" />
				<Option createStaticLib="1" />
				<Option projectCompilerOptionsRelation="0" />
				<Compiler>
					<Add option="-Wnon-virtual-dtor" />
					<Add option="-Wshadow" />
					<Add option="-Winit-self" />
					<Add option="-Wredundant-decls" />
					<Add option="-Wcast-align" />
					<Add option="-Wundef" />
					<Add option="-Wfloat-equal" />
					<Add option="-Winline" />
					<Add option="-Wunreachable-code" />
					<Add option="-Wmissing-declarations" />
					<Add option="-Wmissing-include-dirs" />
					<Add option="-Wswitch-enum" />
					<Add option="-Wswitch-default" />
					<Add option="-Wzero-as-null-pointer-constant" />
					<Add option="-Wall" />
					<Add option="-m32" />
					<Add option="-g" />
				</Compiler>
				<Linker>
					<Add option="-m32" />
				</Linker>
			</Target>
			<Target title="Release">
				<Option output="bin/Release/cBase" prefix_auto="1" extension_auto="1" />
				<Option object_output="obj/Release/" />
				<Option type="3" />
				<Option compiler="gcc" />
				<Option createDefFile="1" />
				<Option createStaticLib="1" />
				<Compiler>
					<Add option="-Wall" />
					<Add option="-DBUILD_DLL" />
					<Add option="-O2" />
				</Compiler>
				<Linker>
					<Add option="-s" />
					<Add library="user32" />
				</Linker>
			</Target>
		</Build>
		<Compiler>
			<Add option="-std=gnu++14" />
			<Add option="-UNICODE" />
			<Add option="-Wl,-Bsymbolic" />
		</Compiler>
		<Linker>
			<Add option="-Bsymbolic" />
			<Add option="-Wl,-Bsymbolic" />
		</Linker>
		<Unit filename="../Baash_define.h" />
		<Unit filename="../cApp.cxx" />
		<Unit filename="../cApp.h" />
		<Unit filename="../cBase.cxx" />
		<Unit filename="../cBase.h" />
		<Unit filename="../cObj.cxx" />
		<Unit filename="../cObj.h" />
		<Unit filename="../cObjManager.cxx" />
		<Unit filename="../cObjManager.h" />
		<Unit filename="../cVec.cxx" />
		<Unit filename="../cVec.h" />
		<Extensions>
			<code_completion />
			<envvars />
			<debugger />
		</Extensions>
	</Project>
</CodeBlocks_project_file>
